
Microsoft Visual Studio Solution File, Format Version 12.00
# Visual Studio Version 17
VisualStudioVersion = 17.4.33403.182
MinimumVisualStudioVersion = 10.0.40219.1
Project("{9A19103F-16F7-4668-BE54-9A1E7A4F7556}") = "Backend.TechChallenge.Api", "Backend.TechChallenge.Api\Backend.TechChallenge.Api.csproj", "{89349E6C-5D5B-4A6E-A8F6-F38C2784E1D4}"
EndProject
Project("{9A19103F-16F7-4668-BE54-9A1E7A4F7556}") = "Backend.TechChallenge.Application", "Backend.TechChallenge.Application\Backend.TechChallenge.Application.csproj", "{B9DEFBE6-F07C-430B-8701-970B34A4F406}"
EndProject
Project("{9A19103F-16F7-4668-BE54-9A1E7A4F7556}") = "Backend.TechChallenge.Domain", "Backend.TechChallenge.Domain\Backend.TechChallenge.Domain.csproj", "{7A5A4A1F-2773-4B22-8CED-6D0749477144}"
EndProject
Project("{9A19103F-16F7-4668-BE54-9A1E7A4F7556}") = "Backend.TechChallenge.Persistence.File", "Backend.TechChallenge.Persistence\Backend.TechChallenge.Persistence.File.csproj", "{EE2D753A-C6BD-438C-97CE-28DF397BE54A}"
EndProject
Project("{9A19103F-16F7-4668-BE54-9A1E7A4F7556}") = "Backend.TechChallenge.Api.Test", "Backend.TechChallenge.Api.Test\Backend.TechChallenge.Api.Test.csproj", "{7DFBE9C4-EC64-4023-A74F-4F486CD332C4}"
EndProject
Project("{2150E333-8FDC-42A3-9474-1A3956D46DE8}") = "Code", "Code", "{FE84EA9F-6C27-4D7E-B7CB-84AF5602163D}"
EndProject
Project("{2150E333-8FDC-42A3-9474-1A3956D46DE8}") = "Tests", "Tests", "{BF9C7138-621C-45AD-9A25-AFAA051B4B1B}"
EndProject
Project("{2150E333-8FDC-42A3-9474-1A3956D46DE8}") = "Presentation", "Presentation", "{1AAF005B-53AA-4311-9363-F9B4ABD55962}"
EndProject
Project("{2150E333-8FDC-42A3-9474-1A3956D46DE8}") = "Presentation", "Presentation", "{143A9257-8522-4E7B-9B5D-53C97643E03F}"
EndProject
Project("{2150E333-8FDC-42A3-9474-1A3956D46DE8}") = "Domain", "Domain", "{FD8CB2FE-2A39-4985-A375-64BED06559B6}"
EndProject
Project("{2150E333-8FDC-42A3-9474-1A3956D46DE8}") = "Infrastructure", "Infrastructure", "{4A87EA5C-FB62-4964-AFAA-E29BBF176D1F}"
EndProject
Project("{2150E333-8FDC-42A3-9474-1A3956D46DE8}") = "Application", "Application", "{3C2BFC42-6E6B-445B-8305-D0E2B8AFC18C}"
EndProject
Project("{2150E333-8FDC-42A3-9474-1A3956D46DE8}") = "Application", "Application", "{8F56B87E-E61D-440B-8693-47CEC6ACC803}"
EndProject
Project("{9A19103F-16F7-4668-BE54-9A1E7A4F7556}") = "Backend.TechChallenge.Application.Test", "Backend.TechChallenge.Application.Test\Backend.TechChallenge.Application.Test.csproj", "{9F008E5C-5257-448D-9B6A-CF556C2C9D29}"
EndProject
Project("{2150E333-8FDC-42A3-9474-1A3956D46DE8}") = "Common", "Common", "{F8FDC3E3-F212-4ABF-9588-43AF030B0E14}"
EndProject
Project("{FAE04EC0-301F-11D3-BF4B-00C04F79EFBC}") = "Backend.TechChallenge.Common.Test", "Backend.TechChallenge.Common.Test\Backend.TechChallenge.Common.Test.csproj", "{38B64E63-2C38-42E6-BA50-772BDFE8CAD3}"
EndProject
Project("{2150E333-8FDC-42A3-9474-1A3956D46DE8}") = "Domain", "Domain", "{38A4F427-C496-46CA-B58C-25DCE8DE868B}"
EndProject
Project("{FAE04EC0-301F-11D3-BF4B-00C04F79EFBC}") = "Backend.TechChallenge.Domain.Test", "Backend.TechChallenge.Domain.Test\Backend.TechChallenge.Domain.Test.csproj", "{82A3276F-B98A-4738-943B-9A19D2C1C6A9}"
EndProject
Project("{2150E333-8FDC-42A3-9474-1A3956D46DE8}") = "Infrastructure", "Infrastructure", "{8FA01686-1EF4-4FCA-8DDF-FBA9811E2823}"
EndProject
Project("{FAE04EC0-301F-11D3-BF4B-00C04F79EFBC}") = "Backend.TechChallenge.Persistence.File.Test", "Backend.TechChallenge.Persistence.File.Test\Backend.TechChallenge.Persistence.File.Test.csproj", "{4315C943-072B-41A9-8E86-E20BCDAF0398}"
EndProject
Global
	GlobalSection(SolutionConfigurationPlatforms) = preSolution
		Debug|Any CPU = Debug|Any CPU
		Release|Any CPU = Release|Any CPU
	EndGlobalSection
	GlobalSection(ProjectConfigurationPlatforms) = postSolution
		{89349E6C-5D5B-4A6E-A8F6-F38C2784E1D4}.Debug|Any CPU.ActiveCfg = Debug|Any CPU
		{89349E6C-5D5B-4A6E-A8F6-F38C2784E1D4}.Debug|Any CPU.Build.0 = Debug|Any CPU
		{89349E6C-5D5B-4A6E-A8F6-F38C2784E1D4}.Release|Any CPU.ActiveCfg = Release|Any CPU
		{89349E6C-5D5B-4A6E-A8F6-F38C2784E1D4}.Release|Any CPU.Build.0 = Release|Any CPU
		{B9DEFBE6-F07C-430B-8701-970B34A4F406}.Debug|Any CPU.ActiveCfg = Debug|Any CPU
		{B9DEFBE6-F07C-430B-8701-970B34A4F406}.Debug|Any CPU.Build.0 = Debug|Any CPU
		{B9DEFBE6-F07C-430B-8701-970B34A4F406}.Release|Any CPU.ActiveCfg = Release|Any CPU
		{B9DEFBE6-F07C-430B-8701-970B34A4F406}.Release|Any CPU.Build.0 = Release|Any CPU
		{7A5A4A1F-2773-4B22-8CED-6D0749477144}.Debug|Any CPU.ActiveCfg = Debug|Any CPU
		{7A5A4A1F-2773-4B22-8CED-6D0749477144}.Debug|Any CPU.Build.0 = Debug|Any CPU
		{7A5A4A1F-2773-4B22-8CED-6D0749477144}.Release|Any CPU.ActiveCfg = Release|Any CPU
		{7A5A4A1F-2773-4B22-8CED-6D0749477144}.Release|Any CPU.Build.0 = Release|Any CPU
		{EE2D753A-C6BD-438C-97CE-28DF397BE54A}.Debug|Any CPU.ActiveCfg = Debug|Any CPU
		{EE2D753A-C6BD-438C-97CE-28DF397BE54A}.Debug|Any CPU.Build.0 = Debug|Any CPU
		{EE2D753A-C6BD-438C-97CE-28DF397BE54A}.Release|Any CPU.ActiveCfg = Release|Any CPU
		{EE2D753A-C6BD-438C-97CE-28DF397BE54A}.Release|Any CPU.Build.0 = Release|Any CPU
		{7DFBE9C4-EC64-4023-A74F-4F486CD332C4}.Debug|Any CPU.ActiveCfg = Debug|Any CPU
		{7DFBE9C4-EC64-4023-A74F-4F486CD332C4}.Debug|Any CPU.Build.0 = Debug|Any CPU
		{7DFBE9C4-EC64-4023-A74F-4F486CD332C4}.Release|Any CPU.ActiveCfg = Release|Any CPU
		{7DFBE9C4-EC64-4023-A74F-4F486CD332C4}.Release|Any CPU.Build.0 = Release|Any CPU
		{9F008E5C-5257-448D-9B6A-CF556C2C9D29}.Debug|Any CPU.ActiveCfg = Debug|Any CPU
		{9F008E5C-5257-448D-9B6A-CF556C2C9D29}.Debug|Any CPU.Build.0 = Debug|Any CPU
		{9F008E5C-5257-448D-9B6A-CF556C2C9D29}.Release|Any CPU.ActiveCfg = Release|Any CPU
		{9F008E5C-5257-448D-9B6A-CF556C2C9D29}.Release|Any CPU.Build.0 = Release|Any CPU
		{38B64E63-2C38-42E6-BA50-772BDFE8CAD3}.Debug|Any CPU.ActiveCfg = Debug|Any CPU
		{38B64E63-2C38-42E6-BA50-772BDFE8CAD3}.Debug|Any CPU.Build.0 = Debug|Any CPU
		{38B64E63-2C38-42E6-BA50-772BDFE8CAD3}.Release|Any CPU.ActiveCfg = Release|Any CPU
		{38B64E63-2C38-42E6-BA50-772BDFE8CAD3}.Release|Any CPU.Build.0 = Release|Any CPU
		{82A3276F-B98A-4738-943B-9A19D2C1C6A9}.Debug|Any CPU.ActiveCfg = Debug|Any CPU
		{82A3276F-B98A-4738-943B-9A19D2C1C6A9}.Debug|Any CPU.Build.0 = Debug|Any CPU
		{82A3276F-B98A-4738-943B-9A19D2C1C6A9}.Release|Any CPU.ActiveCfg = Release|Any CPU
		{82A3276F-B98A-4738-943B-9A19D2C1C6A9}.Release|Any CPU.Build.0 = Release|Any CPU
		{4315C943-072B-41A9-8E86-E20BCDAF0398}.Debug|Any CPU.ActiveCfg = Debug|Any CPU
		{4315C943-072B-41A9-8E86-E20BCDAF0398}.Debug|Any CPU.Build.0 = Debug|Any CPU
		{4315C943-072B-41A9-8E86-E20BCDAF0398}.Release|Any CPU.ActiveCfg = Release|Any CPU
		{4315C943-072B-41A9-8E86-E20BCDAF0398}.Release|Any CPU.Build.0 = Release|Any CPU
	EndGlobalSection
	GlobalSection(SolutionProperties) = preSolution
		HideSolutionNode = FALSE
	EndGlobalSection
	GlobalSection(NestedProjects) = preSolution
		{89349E6C-5D5B-4A6E-A8F6-F38C2784E1D4} = {1AAF005B-53AA-4311-9363-F9B4ABD55962}
		{B9DEFBE6-F07C-430B-8701-970B34A4F406} = {3C2BFC42-6E6B-445B-8305-D0E2B8AFC18C}
		{7A5A4A1F-2773-4B22-8CED-6D0749477144} = {FD8CB2FE-2A39-4985-A375-64BED06559B6}
		{EE2D753A-C6BD-438C-97CE-28DF397BE54A} = {4A87EA5C-FB62-4964-AFAA-E29BBF176D1F}
		{7DFBE9C4-EC64-4023-A74F-4F486CD332C4} = {143A9257-8522-4E7B-9B5D-53C97643E03F}
		{1AAF005B-53AA-4311-9363-F9B4ABD55962} = {FE84EA9F-6C27-4D7E-B7CB-84AF5602163D}
		{143A9257-8522-4E7B-9B5D-53C97643E03F} = {BF9C7138-621C-45AD-9A25-AFAA051B4B1B}
		{FD8CB2FE-2A39-4985-A375-64BED06559B6} = {FE84EA9F-6C27-4D7E-B7CB-84AF5602163D}
		{4A87EA5C-FB62-4964-AFAA-E29BBF176D1F} = {FE84EA9F-6C27-4D7E-B7CB-84AF5602163D}
		{3C2BFC42-6E6B-445B-8305-D0E2B8AFC18C} = {FE84EA9F-6C27-4D7E-B7CB-84AF5602163D}
		{8F56B87E-E61D-440B-8693-47CEC6ACC803} = {BF9C7138-621C-45AD-9A25-AFAA051B4B1B}
		{9F008E5C-5257-448D-9B6A-CF556C2C9D29} = {8F56B87E-E61D-440B-8693-47CEC6ACC803}
		{F8FDC3E3-F212-4ABF-9588-43AF030B0E14} = {BF9C7138-621C-45AD-9A25-AFAA051B4B1B}
		{38B64E63-2C38-42E6-BA50-772BDFE8CAD3} = {F8FDC3E3-F212-4ABF-9588-43AF030B0E14}
		{38A4F427-C496-46CA-B58C-25DCE8DE868B} = {BF9C7138-621C-45AD-9A25-AFAA051B4B1B}
		{82A3276F-B98A-4738-943B-9A19D2C1C6A9} = {38A4F427-C496-46CA-B58C-25DCE8DE868B}
		{8FA01686-1EF4-4FCA-8DDF-FBA9811E2823} = {BF9C7138-621C-45AD-9A25-AFAA051B4B1B}
		{4315C943-072B-41A9-8E86-E20BCDAF0398} = {8FA01686-1EF4-4FCA-8DDF-FBA9811E2823}
	EndGlobalSection
	GlobalSection(ExtensibilityGlobals) = postSolution
		SolutionGuid = {A2A05765-05B9-484D-8D3D-506849EB716F}
	EndGlobalSection
EndGlobal
